
Microsoft Visual Studio Solution File, Format Version 12.00
# Visual Studio 15
VisualStudioVersion = 15.0.28010.2046
MinimumVisualStudioVersion = 10.0.40219.1
Project("{FAE04EC0-301F-11D3-BF4B-00C04F79EFBC}") = "CSharpFSLesson1", "CSharpFSLesson1\CSharpFSLesson1.csproj", "{60456E36-9688-4220-9CD2-AC26B5DC3A65}"
EndProject
Project("{FAE04EC0-301F-11D3-BF4B-00C04F79EFBC}") = "CSharpFSLesson2", "CSharpFSLesson2\CSharpFSLesson2.csproj", "{2E555B46-D9CC-41CF-B904-C15FEEE50B17}"
EndProject
Project("{FAE04EC0-301F-11D3-BF4B-00C04F79EFBC}") = "CSharpFSLesson3", "CSharpFSLesson3\CSharpFSLesson3.csproj", "{C6DF595A-A780-4C59-9D88-85B9BB55661E}"
EndProject
Project("{FAE04EC0-301F-11D3-BF4B-00C04F79EFBC}") = "CSharpFSLesson4", "CSharpFSLesson4\CSharpFSLesson4.csproj", "{61E25189-5C53-4041-8FDB-0FC03B3F88A2}"
EndProject
Global
	GlobalSection(SolutionConfigurationPlatforms) = preSolution
		Debug|Any CPU = Debug|Any CPU
		Release|Any CPU = Release|Any CPU
	EndGlobalSection
	GlobalSection(ProjectConfigurationPlatforms) = postSolution
		{60456E36-9688-4220-9CD2-AC26B5DC3A65}.Debug|Any CPU.ActiveCfg = Debug|Any CPU
		{60456E36-9688-4220-9CD2-AC26B5DC3A65}.Debug|Any CPU.Build.0 = Debug|Any CPU
		{60456E36-9688-4220-9CD2-AC26B5DC3A65}.Release|Any CPU.ActiveCfg = Release|Any CPU
		{60456E36-9688-4220-9CD2-AC26B5DC3A65}.Release|Any CPU.Build.0 = Release|Any CPU
		{2E555B46-D9CC-41CF-B904-C15FEEE50B17}.Debug|Any CPU.ActiveCfg = Debug|Any CPU
		{2E555B46-D9CC-41CF-B904-C15FEEE50B17}.Debug|Any CPU.Build.0 = Debug|Any CPU
		{2E555B46-D9CC-41CF-B904-C15FEEE50B17}.Release|Any CPU.ActiveCfg = Release|Any CPU
		{2E555B46-D9CC-41CF-B904-C15FEEE50B17}.Release|Any CPU.Build.0 = Release|Any CPU
		{C6DF595A-A780-4C59-9D88-85B9BB55661E}.Debug|Any CPU.ActiveCfg = Debug|Any CPU
		{C6DF595A-A780-4C59-9D88-85B9BB55661E}.Debug|Any CPU.Build.0 = Debug|Any CPU
		{C6DF595A-A780-4C59-9D88-85B9BB55661E}.Release|Any CPU.ActiveCfg = Release|Any CPU
		{C6DF595A-A780-4C59-9D88-85B9BB55661E}.Release|Any CPU.Build.0 = Release|Any CPU
		{61E25189-5C53-4041-8FDB-0FC03B3F88A2}.Debug|Any CPU.ActiveCfg = Debug|Any CPU
		{61E25189-5C53-4041-8FDB-0FC03B3F88A2}.Debug|Any CPU.Build.0 = Debug|Any CPU
		{61E25189-5C53-4041-8FDB-0FC03B3F88A2}.Release|Any CPU.ActiveCfg = Release|Any CPU
		{61E25189-5C53-4041-8FDB-0FC03B3F88A2}.Release|Any CPU.Build.0 = Release|Any CPU
	EndGlobalSection
	GlobalSection(SolutionProperties) = preSolution
		HideSolutionNode = FALSE
	EndGlobalSection
	GlobalSection(ExtensibilityGlobals) = postSolution
		SolutionGuid = {4D6557F5-3E78-4E47-AA70-314B439B68B7}
	EndGlobalSection
EndGlobal
